
Microsoft Visual Studio Solution File, Format Version 12.00
# Visual Studio Version 17
VisualStudioVersion = 17.7.34018.315
MinimumVisualStudioVersion = 10.0.40219.1
Project("{FAE04EC0-301F-11D3-BF4B-00C04F79EFBC}") = "NurBnb.Front.Web", "NurBnb.Front.Web.csproj", "{22DB0348-CA6D-4F7F-82A1-78480D7BBCAE}"
EndProject
Project("{FAE04EC0-301F-11D3-BF4B-00C04F79EFBC}") = "NurBnbFront.Infrastructure", "..\..\NurBnbFront.Infrastructure\NurBnbFront.Infrastructure.csproj", "{ED126B80-DE3E-46E5-B560-3C2E517A44CA}"
EndProject
Global
	GlobalSection(SolutionConfigurationPlatforms) = preSolution
		Debug|Any CPU = Debug|Any CPU
		Release|Any CPU = Release|Any CPU
	EndGlobalSection
	GlobalSection(ProjectConfigurationPlatforms) = postSolution
		{22DB0348-CA6D-4F7F-82A1-78480D7BBCAE}.Debug|Any CPU.ActiveCfg = Debug|Any CPU
		{22DB0348-CA6D-4F7F-82A1-78480D7BBCAE}.Debug|Any CPU.Build.0 = Debug|Any CPU
		{22DB0348-CA6D-4F7F-82A1-78480D7BBCAE}.Release|Any CPU.ActiveCfg = Release|Any CPU
		{22DB0348-CA6D-4F7F-82A1-78480D7BBCAE}.Release|Any CPU.Build.0 = Release|Any CPU
		{ED126B80-DE3E-46E5-B560-3C2E517A44CA}.Debug|Any CPU.ActiveCfg = Debug|Any CPU
		{ED126B80-DE3E-46E5-B560-3C2E517A44CA}.Debug|Any CPU.Build.0 = Debug|Any CPU
		{ED126B80-DE3E-46E5-B560-3C2E517A44CA}.Release|Any CPU.ActiveCfg = Release|Any CPU
		{ED126B80-DE3E-46E5-B560-3C2E517A44CA}.Release|Any CPU.Build.0 = Release|Any CPU
	EndGlobalSection
	GlobalSection(SolutionProperties) = preSolution
		HideSolutionNode = FALSE
	EndGlobalSection
	GlobalSection(ExtensibilityGlobals) = postSolution
		SolutionGuid = {619935A8-49D0-4626-9B12-5D56E8EF1B82}
	EndGlobalSection
EndGlobal
